// !$*UTF8*$!
{
	archiveVersion = 1;
	classes = {
	};
	objectVersion = 46;
	objects = {

/* Begin PBXBuildFile section */
		143982D61F627A6C00581388 /* AppDelegate.swift in Sources */ = {isa = PBXBuildFile; fileRef = 143982D51F627A6C00581388 /* AppDelegate.swift */; };
		143982D81F627A6C00581388 /* FirstViewController.swift in Sources */ = {isa = PBXBuildFile; fileRef = 143982D71F627A6C00581388 /* FirstViewController.swift */; };
		143982DA1F627A6C00581388 /* SecondViewController.swift in Sources */ = {isa = PBXBuildFile; fileRef = 143982D91F627A6C00581388 /* SecondViewController.swift */; };
		143982DD1F627A6C00581388 /* Main.storyboard in Resources */ = {isa = PBXBuildFile; fileRef = 143982DB1F627A6C00581388 /* Main.storyboard */; };
		143982DF1F627A6C00581388 /* Assets.xcassets in Resources */ = {isa = PBXBuildFile; fileRef = 143982DE1F627A6C00581388 /* Assets.xcassets */; };
		143982E21F627A6D00581388 /* LaunchScreen.storyboard in Resources */ = {isa = PBXBuildFile; fileRef = 143982E01F627A6D00581388 /* LaunchScreen.storyboard */; };
		143982ED1F627A6E00581388 /* sampleTabbarTests.swift in Sources */ = {isa = PBXBuildFile; fileRef = 143982EC1F627A6E00581388 /* sampleTabbarTests.swift */; };
		143982F81F627A6E00581388 /* sampleTabbarUITests.swift in Sources */ = {isa = PBXBuildFile; fileRef = 143982F71F627A6E00581388 /* sampleTabbarUITests.swift */; };
		143983061F6281F000581388 /* ThirdviewController.swift in Sources */ = {isa = PBXBuildFile; fileRef = 143983051F6281F000581388 /* ThirdviewController.swift */; };
/* End PBXBuildFile section */

/* Begin PBXContainerItemProxy section */
		143982E91F627A6E00581388 /* PBXContainerItemProxy */ = {
			isa = PBXContainerItemProxy;
			containerPortal = 143982CA1F627A6800581388 /* Project object */;
			proxyType = 1;
			remoteGlobalIDString = 143982D11F627A6B00581388;
			remoteInfo = sampleTabbar;
		};
		143982F41F627A6E00581388 /* PBXContainerItemProxy */ = {
			isa = PBXContainerItemProxy;
			containerPortal = 143982CA1F627A6800581388 /* Project object */;
			proxyType = 1;
			remoteGlobalIDString = 143982D11F627A6B00581388;
			remoteInfo = sampleTabbar;
		};
/* End PBXContainerItemProxy section */

/* Begin PBXFileReference section */
		143982D21F627A6C00581388 /* sampleTabbar.app */ = {isa = PBXFileReference; explicitFileType = wrapper.application; includeInIndex = 0; path = sampleTabbar.app; sourceTree = BUILT_PRODUCTS_DIR; };
		143982D51F627A6C00581388 /* AppDelegate.swift */ = {isa = PBXFileReference; lastKnownFileType = sourcecode.swift; path = AppDelegate.swift; sourceTree = "<group>"; };
		143982D71F627A6C00581388 /* FirstViewController.swift */ = {isa = PBXFileReference; lastKnownFileType = sourcecode.swift; path = FirstViewController.swift; sourceTree = "<group>"; };
		143982D91F627A6C00581388 /* SecondViewController.swift */ = {isa = PBXFileReference; lastKnownFileType = sourcecode.swift; path = SecondViewController.swift; sourceTree = "<group>"; };
		143982DC1F627A6C00581388 /* Base */ = {isa = PBXFileReference; lastKnownFileType = file.storyboard; name = Base; path = Base.lproj/Main.storyboard; sourceTree = "<group>"; };
		143982DE1F627A6C00581388 /* Assets.xcassets */ = {isa = PBXFileReference; lastKnownFileType = folder.assetcatalog; path = Assets.xcassets; sourceTree = "<group>"; };
		143982E11F627A6D00581388 /* Base */ = {isa = PBXFileReference; lastKnownFileType = file.storyboard; name = Base; path = Base.lproj/LaunchScreen.storyboard; sourceTree = "<group>"; };
		143982E31F627A6D00581388 /* Info.plist */ = {isa = PBXFileReference; lastKnownFileType = text.plist.xml; path = Info.plist; sourceTree = "<group>"; };
		143982E81F627A6E00581388 /* sampleTabbarTests.xctest */ = {isa = PBXFileReference; explicitFileType = wrapper.cfbundle; includeInIndex = 0; path = sampleTabbarTests.xctest; sourceTree = BUILT_PRODUCTS_DIR; };
		143982EC1F627A6E00581388 /* sampleTabbarTests.swift */ = {isa = PBXFileReference; lastKnownFileType = sourcecode.swift; path = sampleTabbarTests.swift; sourceTree = "<group>"; };
		143982EE1F627A6E00581388 /* Info.plist */ = {isa = PBXFileReference; lastKnownFileType = text.plist.xml; path = Info.plist; sourceTree = "<group>"; };
		143982F31F627A6E00581388 /* sampleTabbarUITests.xctest */ = {isa = PBXFileReference; explicitFileType = wrapper.cfbundle; includeInIndex = 0; path = sampleTabbarUITests.xctest; sourceTree = BUILT_PRODUCTS_DIR; };
		143982F71F627A6E00581388 /* sampleTabbarUITests.swift */ = {isa = PBXFileReference; lastKnownFileType = sourcecode.swift; path = sampleTabbarUITests.swift; sourceTree = "<group>"; };
		143982F91F627A6E00581388 /* Info.plist */ = {isa = PBXFileReference; lastKnownFileType = text.plist.xml; path = Info.plist; sourceTree = "<group>"; };
		143983051F6281F000581388 /* ThirdviewController.swift */ = {isa = PBXFileReference; fileEncoding = 4; lastKnownFileType = sourcecode.swift; path = ThirdviewController.swift; sourceTree = "<group>"; };
/* End PBXFileReference section */

/* Begin PBXFrameworksBuildPhase section */
		143982CF1F627A6B00581388 /* Frameworks */ = {
			isa = PBXFrameworksBuildPhase;
			buildActionMask = 2147483647;
			files = (
			);
			runOnlyForDeploymentPostprocessing = 0;
		};
		143982E51F627A6E00581388 /* Frameworks */ = {
			isa = PBXFrameworksBuildPhase;
			buildActionMask = 2147483647;
			files = (
			);
			runOnlyForDeploymentPostprocessing = 0;
		};
		143982F01F627A6E00581388 /* Frameworks */ = {
			isa = PBXFrameworksBuildPhase;
			buildActionMask = 2147483647;
			files = (
			);
			runOnlyForDeploymentPostprocessing = 0;
		};
/* End PBXFrameworksBuildPhase section */

/* Begin PBXGroup section */
		143982C91F627A6800581388 = {
			isa = PBXGroup;
			children = (
				143982D41F627A6C00581388 /* sampleTabbar */,
				143982EB1F627A6E00581388 /* sampleTabbarTests */,
				143982F61F627A6E00581388 /* sampleTabbarUITests */,
				143982D31F627A6C00581388 /* Products */,
			);
			sourceTree = "<group>";
		};
		143982D31F627A6C00581388 /* Products */ = {
			isa = PBXGroup;
			children = (
				143982D21F627A6C00581388 /* sampleTabbar.app */,
				143982E81F627A6E00581388 /* sampleTabbarTests.xctest */,
				143982F31F627A6E00581388 /* sampleTabbarUITests.xctest */,
			);
			name = Products;
			sourceTree = "<group>";
		};
		143982D41F627A6C00581388 /* sampleTabbar */ = {
			isa = PBXGroup;
			children = (
				143982D51F627A6C00581388 /* AppDelegate.swift */,
				143982D71F627A6C00581388 /* FirstViewController.swift */,
				143982D91F627A6C00581388 /* SecondViewController.swift */,
				143983051F6281F000581388 /* ThirdviewController.swift */,
				143982DB1F627A6C00581388 /* Main.storyboard */,
				143982DE1F627A6C00581388 /* Assets.xcassets */,
				143982E01F627A6D00581388 /* LaunchScreen.storyboard */,
				143982E31F627A6D00581388 /* Info.plist */,
			);
			path = sampleTabbar;
			sourceTree = "<group>";
		};
		143982EB1F627A6E00581388 /* sampleTabbarTests */ = {
			isa = PBXGroup;
			children = (
				143982EC1F627A6E00581388 /* sampleTabbarTests.swift */,
				143982EE1F627A6E00581388 /* Info.plist */,
			);
			path = sampleTabbarTests;
			sourceTree = "<group>";
		};
		143982F61F627A6E00581388 /* sampleTabbarUITests */ = {
			isa = PBXGroup;
			children = (
				143982F71F627A6E00581388 /* sampleTabbarUITests.swift */,
				143982F91F627A6E00581388 /* Info.plist */,
			);
			path = sampleTabbarUITests;
			sourceTree = "<group>";
		};
/* End PBXGroup section */

/* Begin PBXNativeTarget section */
		143982D11F627A6B00581388 /* sampleTabbar */ = {
			isa = PBXNativeTarget;
			buildConfigurationList = 143982FC1F627A6E00581388 /* Build configuration list for PBXNativeTarget "sampleTabbar" */;
			buildPhases = (
				143982CE1F627A6B00581388 /* Sources */,
				143982CF1F627A6B00581388 /* Frameworks */,
				143982D01F627A6B00581388 /* Resources */,
			);
			buildRules = (
			);
			dependencies = (
			);
			name = sampleTabbar;
			productName = sampleTabbar;
			productReference = 143982D21F627A6C00581388 /* sampleTabbar.app */;
			productType = "com.apple.product-type.application";
		};
		143982E71F627A6E00581388 /* sampleTabbarTests */ = {
			isa = PBXNativeTarget;
			buildConfigurationList = 143982FF1F627A6E00581388 /* Build configuration list for PBXNativeTarget "sampleTabbarTests" */;
			buildPhases = (
				143982E41F627A6E00581388 /* Sources */,
				143982E51F627A6E00581388 /* Frameworks */,
				143982E61F627A6E00581388 /* Resources */,
			);
			buildRules = (
			);
			dependencies = (
				143982EA1F627A6E00581388 /* PBXTargetDependency */,
			);
			name = sampleTabbarTests;
			productName = sampleTabbarTests;
			productReference = 143982E81F627A6E00581388 /* sampleTabbarTests.xctest */;
			productType = "com.apple.product-type.bundle.unit-test";
		};
		143982F21F627A6E00581388 /* sampleTabbarUITests */ = {
			isa = PBXNativeTarget;
			buildConfigurationList = 143983021F627A6E00581388 /* Build configuration list for PBXNativeTarget "sampleTabbarUITests" */;
			buildPhases = (
				143982EF1F627A6E00581388 /* Sources */,
				143982F01F627A6E00581388 /* Frameworks */,
				143982F11F627A6E00581388 /* Resources */,
			);
			buildRules = (
			);
			dependencies = (
				143982F51F627A6E00581388 /* PBXTargetDependency */,
			);
			name = sampleTabbarUITests;
			productName = sampleTabbarUITests;
			productReference = 143982F31F627A6E00581388 /* sampleTabbarUITests.xctest */;
			productType = "com.apple.product-type.bundle.ui-testing";
		};
/* End PBXNativeTarget section */

/* Begin PBXProject section */
		143982CA1F627A6800581388 /* Project object */ = {
			isa = PBXProject;
			attributes = {
				LastSwiftUpdateCheck = 0830;
				LastUpgradeCheck = 0830;
				ORGANIZATIONNAME = "erica chloe";
				TargetAttributes = {
					143982D11F627A6B00581388 = {
						CreatedOnToolsVersion = 8.3.2;
						ProvisioningStyle = Automatic;
					};
					143982E71F627A6E00581388 = {
						CreatedOnToolsVersion = 8.3.2;
						ProvisioningStyle = Automatic;
						TestTargetID = 143982D11F627A6B00581388;
					};
					143982F21F627A6E00581388 = {
						CreatedOnToolsVersion = 8.3.2;
						ProvisioningStyle = Automatic;
						TestTargetID = 143982D11F627A6B00581388;
					};
				};
			};
			buildConfigurationList = 143982CD1F627A6900581388 /* Build configuration list for PBXProject "sampleTabbar" */;
			compatibilityVersion = "Xcode 3.2";
			developmentRegion = English;
			hasScannedForEncodings = 0;
			knownRegions = (
				en,
				Base,
			);
			mainGroup = 143982C91F627A6800581388;
			productRefGroup = 143982D31F627A6C00581388 /* Products */;
			projectDirPath = "";
			projectRoot = "";
			targets = (
				143982D11F627A6B00581388 /* sampleTabbar */,
				143982E71F627A6E00581388 /* sampleTabbarTests */,
				143982F21F627A6E00581388 /* sampleTabbarUITests */,
			);
		};
/* End PBXProject section */

/* Begin PBXResourcesBuildPhase section */
		143982D01F627A6B00581388 /* Resources */ = {
			isa = PBXResourcesBuildPhase;
			buildActionMask = 2147483647;
			files = (
				143982E21F627A6D00581388 /* LaunchScreen.storyboard in Resources */,
				143982DF1F627A6C00581388 /* Assets.xcassets in Resources */,
				143982DD1F627A6C00581388 /* Main.storyboard in Resources */,
			);
			runOnlyForDeploymentPostprocessing = 0;
		};
		143982E61F627A6E00581388 /* Resources */ = {
			isa = PBXResourcesBuildPhase;
			buildActionMask = 2147483647;
			files = (
			);
			runOnlyForDeploymentPostprocessing = 0;
		};
		143982F11F627A6E00581388 /* Resources */ = {
			isa = PBXResourcesBuildPhase;
			buildActionMask = 2147483647;
			files = (
			);
			runOnlyForDeploymentPostprocessing = 0;
		};
/* End PBXResourcesBuildPhase section */

/* Begin PBXSourcesBuildPhase section */
		143982CE1F627A6B00581388 /* Sources */ = {
			isa = PBXSourcesBuildPhase;
			buildActionMask = 2147483647;
			files = (
				143982DA1F627A6C00581388 /* SecondViewController.swift in Sources */,
				143982D61F627A6C00581388 /* AppDelegate.swift in Sources */,
				143983061F6281F000581388 /* ThirdviewController.swift in Sources */,
				143982D81F627A6C00581388 /* FirstViewController.swift in Sources */,
			);
			runOnlyForDeploymentPostprocessing = 0;
		};
		143982E41F627A6E00581388 /* Sources */ = {
			isa = PBXSourcesBuildPhase;
			buildActionMask = 2147483647;
			files = (
				143982ED1F627A6E00581388 /* sampleTabbarTests.swift in Sources */,
			);
			runOnlyForDeploymentPostprocessing = 0;
		};
		143982EF1F627A6E00581388 /* Sources */ = {
			isa = PBXSourcesBuildPhase;
			buildActionMask = 2147483647;
			files = (
				143982F81F627A6E00581388 /* sampleTabbarUITests.swift in Sources */,
			);
			runOnlyForDeploymentPostprocessing = 0;
		};
/* End PBXSourcesBuildPhase section */

/* Begin PBXTargetDependency section */
		143982EA1F627A6E00581388 /* PBXTargetDependency */ = {
			isa = PBXTargetDependency;
			target = 143982D11F627A6B00581388 /* sampleTabbar */;
			targetProxy = 143982E91F627A6E00581388 /* PBXContainerItemProxy */;
		};
		143982F51F627A6E00581388 /* PBXTargetDependency */ = {
			isa = PBXTargetDependency;
			target = 143982D11F627A6B00581388 /* sampleTabbar */;
			targetProxy = 143982F41F627A6E00581388 /* PBXContainerItemProxy */;
		};
/* End PBXTargetDependency section */

/* Begin PBXVariantGroup section */
		143982DB1F627A6C00581388 /* Main.storyboard */ = {
			isa = PBXVariantGroup;
			children = (
				143982DC1F627A6C00581388 /* Base */,
			);
			name = Main.storyboard;
			sourceTree = "<group>";
		};
		143982E01F627A6D00581388 /* LaunchScreen.storyboard */ = {
			isa = PBXVariantGroup;
			children = (
				143982E11F627A6D00581388 /* Base */,
			);
			name = LaunchScreen.storyboard;
			sourceTree = "<group>";
		};
/* End PBXVariantGroup section */

/* Begin XCBuildConfiguration section */
		143982FA1F627A6E00581388 /* Debug */ = {
			isa = XCBuildConfiguration;
			buildSettings = {
				ALWAYS_SEARCH_USER_PATHS = NO;
				CLANG_ANALYZER_NONNULL = YES;
				CLANG_ANALYZER_NUMBER_OBJECT_CONVERSION = YES_AGGRESSIVE;
				CLANG_CXX_LANGUAGE_STANDARD = "gnu++0x";
				CLANG_CXX_LIBRARY = "libc++";
				CLANG_ENABLE_MODULES = YES;
				CLANG_ENABLE_OBJC_ARC = YES;
				CLANG_WARN_BOOL_CONVERSION = YES;
				CLANG_WARN_CONSTANT_CONVERSION = YES;
				CLANG_WARN_DIRECT_OBJC_ISA_USAGE = YES_ERROR;
				CLANG_WARN_DOCUMENTATION_COMMENTS = YES;
				CLANG_WARN_EMPTY_BODY = YES;
				CLANG_WARN_ENUM_CONVERSION = YES;
				CLANG_WARN_INFINITE_RECURSION = YES;
				CLANG_WARN_INT_CONVERSION = YES;
				CLANG_WARN_OBJC_ROOT_CLASS = YES_ERROR;
				CLANG_WARN_SUSPICIOUS_MOVE = YES;
				CLANG_WARN_UNREACHABLE_CODE = YES;
				CLANG_WARN__DUPLICATE_METHOD_MATCH = YES;
				"CODE_SIGN_IDENTITY[sdk=iphoneos*]" = "iPhone Developer";
				COPY_PHASE_STRIP = NO;
				DEBUG_INFORMATION_FORMAT = dwarf;
				ENABLE_STRICT_OBJC_MSGSEND = YES;
				ENABLE_TESTABILITY = YES;
				GCC_C_LANGUAGE_STANDARD = gnu99;
				GCC_DYNAMIC_NO_PIC = NO;
				GCC_NO_COMMON_BLOCKS = YES;
				GCC_OPTIMIZATION_LEVEL = 0;
				GCC_PREPROCESSOR_DEFINITIONS = (
					"DEBUG=1",
					"$(inherited)",
				);
				GCC_WARN_64_TO_32_BIT_CONVERSION = YES;
				GCC_WARN_ABOUT_RETURN_TYPE = YES_ERROR;
				GCC_WARN_UNDECLARED_SELECTOR = YES;
				GCC_WARN_UNINITIALIZED_AUTOS = YES_AGGRESSIVE;
				GCC_WARN_UNUSED_FUNCTION = YES;
				GCC_WARN_UNUSED_VARIABLE = YES;
				IPHONEOS_DEPLOYMENT_TARGET = 10.3;
				MTL_ENABLE_DEBUG_INFO = YES;
				ONLY_ACTIVE_ARCH = YES;
				SDKROOT = iphoneos;
				SWIFT_ACTIVE_COMPILATION_CONDITIONS = DEBUG;
				SWIFT_OPTIMIZATION_LEVEL = "-Onone";
				TARGETED_DEVICE_FAMILY = "1,2";
			};
			name = Debug;
		};
		143982FB1F627A6E00581388 /* Release */ = {
			isa = XCBuildConfiguration;
			buildSettings = {
				ALWAYS_SEARCH_USER_PATHS = NO;
				CLANG_ANALYZER_NONNULL = YES;
				CLANG_ANALYZER_NUMBER_OBJECT_CONVERSION = YES_AGGRESSIVE;
				CLANG_CXX_LANGUAGE_STANDARD = "gnu++0x";
				CLANG_CXX_LIBRARY = "libc++";
				CLANG_ENABLE_MODULES = YES;
				CLANG_ENABLE_OBJC_ARC = YES;
				CLANG_WARN_BOOL_CONVERSION = YES;
				CLANG_WARN_CONSTANT_CONVERSION = YES;
				CLANG_WARN_DIRECT_OBJC_ISA_USAGE = YES_ERROR;
				CLANG_WARN_DOCUMENTATION_COMMENTS = YES;
				CLANG_WARN_EMPTY_BODY = YES;
				CLANG_WARN_ENUM_CONVERSION = YES;
				CLANG_WARN_INFINITE_RECURSION = YES;
				CLANG_WARN_INT_CONVERSION = YES;
				CLANG_WARN_OBJC_ROOT_CLASS = YES_ERROR;
				CLANG_WARN_SUSPICIOUS_MOVE = YES;
				CLANG_WARN_UNREACHABLE_CODE = YES;
				CLANG_WARN__DUPLICATE_METHOD_MATCH = YES;
				"CODE_SIGN_IDENTITY[sdk=iphoneos*]" = "iPhone Developer";
				COPY_PHASE_STRIP = NO;
				DEBUG_INFORMATION_FORMAT = "dwarf-with-dsym";
				ENABLE_NS_ASSERTIONS = NO;
				ENABLE_STRICT_OBJC_MSGSEND = YES;
				GCC_C_LANGUAGE_STANDARD = gnu99;
				GCC_NO_COMMON_BLOCKS = YES;
				GCC_WARN_64_TO_32_BIT_CONVERSION = YES;
				GCC_WARN_ABOUT_RETURN_TYPE = YES_ERROR;
				GCC_WARN_UNDECLARED_SELECTOR = YES;
				GCC_WARN_UNINITIALIZED_AUTOS = YES_AGGRESSIVE;
				GCC_WARN_UNUSED_FUNCTION = YES;
				GCC_WARN_UNUSED_VARIABLE = YES;
				IPHONEOS_DEPLOYMENT_TARGET = 10.3;
				MTL_ENABLE_DEBUG_INFO = NO;
				SDKROOT = iphoneos;
				SWIFT_OPTIMIZATION_LEVEL = "-Owholemodule";
				TARGETED_DEVICE_FAMILY = "1,2";
				VALIDATE_PRODUCT = YES;
			};
			name = Release;
		};
		143982FD1F627A6E00581388 /* Debug */ = {
			isa = XCBuildConfiguration;
			buildSettings = {
				ASSETCATALOG_COMPILER_APPICON_NAME = AppIcon;
				INFOPLIST_FILE = sampleTabbar/Info.plist;
				LD_RUNPATH_SEARCH_PATHS = "$(inherited) @executable_path/Frameworks";
				PRODUCT_BUNDLE_IDENTIFIER = "erica.chloe5-gmail.com.sampleTabbar";
				PRODUCT_NAME = "$(TARGET_NAME)";
				SWIFT_VERSION = 3.0;
			};
			name = Debug;
		};
		143982FE1F627A6E00581388 /* Release */ = {
			isa = XCBuildConfiguration;
			buildSettings = {
				ASSETCATALOG_COMPILER_APPICON_NAME = AppIcon;
				INFOPLIST_FILE = sampleTabbar/Info.plist;
				LD_RUNPATH_SEARCH_PATHS = "$(inherited) @executable_path/Frameworks";
				PRODUCT_BUNDLE_IDENTIFIER = "erica.chloe5-gmail.com.sampleTabbar";
				PRODUCT_NAME = "$(TARGET_NAME)";
				SWIFT_VERSION = 3.0;
			};
			name = Release;
		};
		143983001F627A6E00581388 /* Debug */ = {
			isa = XCBuildConfiguration;
			buildSettings = {
				ALWAYS_EMBED_SWIFT_STANDARD_LIBRARIES = YES;
				BUNDLE_LOADER = "$(TEST_HOST)";
				INFOPLIST_FILE = sampleTabbarTests/Info.plist;
				LD_RUNPATH_SEARCH_PATHS = "$(inherited) @executable_path/Frameworks @loader_path/Frameworks";
				PRODUCT_BUNDLE_IDENTIFIER = "erica.chloe5-gmail.com.sampleTabbarTests";
				PRODUCT_NAME = "$(TARGET_NAME)";
				SWIFT_VERSION = 3.0;
				TEST_HOST = "$(BUILT_PRODUCTS_DIR)/sampleTabbar.app/sampleTabbar";
			};
			name = Debug;
		};
		143983011F627A6E00581388 /* Release */ = {
			isa = XCBuildConfiguration;
			buildSettings = {
				ALWAYS_EMBED_SWIFT_STANDARD_LIBRARIES = YES;
				BUNDLE_LOADER = "$(TEST_HOST)";
				INFOPLIST_FILE = sampleTabbarTests/Info.plist;
				LD_RUNPATH_SEARCH_PATHS = "$(inherited) @executable_path/Frameworks @loader_path/Frameworks";
				PRODUCT_BUNDLE_IDENTIFIER = "erica.chloe5-gmail.com.sampleTabbarTests";
				PRODUCT_NAME = "$(TARGET_NAME)";
				SWIFT_VERSION = 3.0;
				TEST_HOST = "$(BUILT_PRODUCTS_DIR)/sampleTabbar.app/sampleTabbar";
			};
			name = Release;
		};
		143983031F627A6E00581388 /* Debug */ = {
			isa = XCBuildConfiguration;
			buildSettings = {
				ALWAYS_EMBED_SWIFT_STANDARD_LIBRARIES = YES;
				INFOPLIST_FILE = sampleTabbarUITests/Info.plist;
				LD_RUNPATH_SEARCH_PATHS = "$(inherited) @executable_path/Frameworks @loader_path/Frameworks";
				PRODUCT_BUNDLE_IDENTIFIER = "erica.chloe5-gmail.com.sampleTabbarUITests";
				PRODUCT_NAME = "$(TARGET_NAME)";
				SWIFT_VERSION = 3.0;
				TEST_TARGET_NAME = sampleTabbar;
			};
			name = Debug;
		};
		143983041F627A6E00581388 /* Release */ = {
			isa = XCBuildConfiguration;
			buildSettings = {
				ALWAYS_EMBED_SWIFT_STANDARD_LIBRARIES = YES;
				INFOPLIST_FILE = sampleTabbarUITests/Info.plist;
				LD_RUNPATH_SEARCH_PATHS = "$(inherited) @executable_path/Frameworks @loader_path/Frameworks";
				PRODUCT_BUNDLE_IDENTIFIER = "erica.chloe5-gmail.com.sampleTabbarUITests";
				PRODUCT_NAME = "$(TARGET_NAME)";
				SWIFT_VERSION = 3.0;
				TEST_TARGET_NAME = sampleTabbar;
			};
			name = Release;
		};
/* End XCBuildConfiguration section */

/* Begin XCConfigurationList section */
		143982CD1F627A6900581388 /* Build configuration list for PBXProject "sampleTabbar" */ = {
			isa = XCConfigurationList;
			buildConfigurations = (
				143982FA1F627A6E00581388 /* Debug */,
				143982FB1F627A6E00581388 /* Release */,
			);
			defaultConfigurationIsVisible = 0;
			defaultConfigurationName = Release;
		};
		143982FC1F627A6E00581388 /* Build configuration list for PBXNativeTarget "sampleTabbar" */ = {
			isa = XCConfigurationList;
			buildConfigurations = (
				143982FD1F627A6E00581388 /* Debug */,
				143982FE1F627A6E00581388 /* Release */,
			);
			defaultConfigurationIsVisible = 0;
		};
		143982FF1F627A6E00581388 /* Build configuration list for PBXNativeTarget "sampleTabbarTests" */ = {
			isa = XCConfigurationList;
			buildConfigurations = (
				143983001F627A6E00581388 /* Debug */,
				143983011F627A6E00581388 /* Release */,
			);
			defaultConfigurationIsVisible = 0;
		};
		143983021F627A6E00581388 /* Build configuration list for PBXNativeTarget "sampleTabbarUITests" */ = {
			isa = XCConfigurationList;
			buildConfigurations = (
				143983031F627A6E00581388 /* Debug */,
				143983041F627A6E00581388 /* Release */,
			);
			defaultConfigurationIsVisible = 0;
		};
/* End XCConfigurationList section */
	};
	rootObject = 143982CA1F627A6800581388 /* Project object */;
}
